#MicroXplorer Configuration settings - do not modify
ADC1.Channel-1\#ChannelRegularConversion=ADC_CHANNEL_6
ADC1.Channel-2\#ChannelRegularConversion=ADC_CHANNEL_9
ADC1.ContinuousConvMode=DISABLE
ADC1.DMAContinuousRequests=ENABLE
ADC1.EOCSelection=ADC_EOC_SEQ_CONV
ADC1.ExternalTrigConv=ADC_SOFTWARE_START
ADC1.IPParameters=Rank-1\#ChannelRegularConversion,Channel-1\#ChannelRegularConversion,SamplingTime-1\#ChannelRegularConversion,OffsetNumber-1\#ChannelRegularConversion,NbrOfConversionFlag,NbrOfConversion,EOCSelection,ContinuousConvMode,ExternalTrigConv,DMAContinuousRequests,Overrun,master,Rank-2\#ChannelRegularConversion,Channel-2\#ChannelRegularConversion,SamplingTime-2\#ChannelRegularConversion,OffsetNumber-2\#ChannelRegularConversion
ADC1.NbrOfConversion=2
ADC1.NbrOfConversionFlag=1
ADC1.OffsetNumber-1\#ChannelRegularConversion=ADC_OFFSET_NONE
ADC1.OffsetNumber-2\#ChannelRegularConversion=ADC_OFFSET_NONE
ADC1.Overrun=ADC_OVR_DATA_OVERWRITTEN
ADC1.Rank-1\#ChannelRegularConversion=1
ADC1.Rank-2\#ChannelRegularConversion=2
ADC1.SamplingTime-1\#ChannelRegularConversion=ADC_SAMPLETIME_640CYCLES_5
ADC1.SamplingTime-2\#ChannelRegularConversion=ADC_SAMPLETIME_640CYCLES_5
ADC1.master=1
Dma.ADC1.0.Direction=DMA_PERIPH_TO_MEMORY
Dma.ADC1.0.EventEnable=DISABLE
Dma.ADC1.0.Instance=DMA1_Channel1
Dma.ADC1.0.MemDataAlignment=DMA_MDATAALIGN_HALFWORD
Dma.ADC1.0.MemInc=DMA_MINC_ENABLE
Dma.ADC1.0.Mode=DMA_NORMAL
Dma.ADC1.0.PeriphDataAlignment=DMA_PDATAALIGN_HALFWORD
Dma.ADC1.0.PeriphInc=DMA_PINC_DISABLE
Dma.ADC1.0.Polarity=HAL_DMAMUX_REQ_GEN_RISING
Dma.ADC1.0.Priority=DMA_PRIORITY_LOW
Dma.ADC1.0.RequestNumber=1
Dma.ADC1.0.RequestParameters=Instance,Direction,PeriphInc,MemInc,PeriphDataAlignment,MemDataAlignment,Mode,Priority,SignalID,Polarity,RequestNumber,SyncSignalID,SyncPolarity,SyncEnable,EventEnable,SyncRequestNumber
Dma.ADC1.0.SignalID=NONE
Dma.ADC1.0.SyncEnable=DISABLE
Dma.ADC1.0.SyncPolarity=HAL_DMAMUX_SYNC_NO_EVENT
Dma.ADC1.0.SyncRequestNumber=1
Dma.ADC1.0.SyncSignalID=NONE
Dma.Request0=ADC1
Dma.RequestsNb=1
File.Version=6
GPIO.groupedBy=Group By Peripherals
KeepUserPlacement=false
LPTIM1.ClockPrescaler=LPTIM_PRESCALER_DIV32
LPTIM1.IPParameters=ClockPrescaler
Mcu.Family=STM32WB
Mcu.IP0=ADC1
Mcu.IP1=DMA
Mcu.IP10=STM32_WPAN
Mcu.IP11=SYS
Mcu.IP12=TINY_LPM
Mcu.IP2=HSEM
Mcu.IP3=IPCC
Mcu.IP4=LPTIM1
Mcu.IP5=NVIC
Mcu.IP6=RCC
Mcu.IP7=RF
Mcu.IP8=RTC
Mcu.IP9=SEQUENCER
Mcu.IPNb=13
Mcu.Name=STM32WB55CCUx
Mcu.Package=UFQFPN48
Mcu.Pin0=PA1
Mcu.Pin1=PA4
Mcu.Pin10=VP_HSEM_VS_HSEM
Mcu.Pin11=VP_IPCC_VS_IPCC
Mcu.Pin12=VP_LPTIM1_VS_LPTIM_counterModeInternalClock
Mcu.Pin13=VP_RTC_VS_RTC_Activate
Mcu.Pin14=VP_SEQUENCER_VS_SEQUENCER
Mcu.Pin15=VP_STM32_WPAN_VS_BLE_HOST
Mcu.Pin16=VP_SYS_VS_Systick
Mcu.Pin17=VP_TINY_LPM_VS_TINY_LPM
Mcu.Pin2=PA5
Mcu.Pin3=PA6
Mcu.Pin4=PA7
Mcu.Pin5=RF1
Mcu.Pin6=OSC_OUT
Mcu.Pin7=OSC_IN
Mcu.Pin8=PA10
Mcu.Pin9=PA11
Mcu.PinsNb=18
Mcu.ThirdPartyNb=0
Mcu.UserConstants=
Mcu.UserName=STM32WB55CCUx
MxCube.Version=6.2.0
MxDb.Version=DB.6.0.20
NVIC.BusFault_IRQn=true\:0\:0\:false\:false\:true\:false\:false
NVIC.DMA1_Channel1_IRQn=true\:0\:0\:false\:false\:true\:false\:true
NVIC.DebugMonitor_IRQn=true\:0\:0\:false\:false\:true\:false\:false
NVIC.ForceEnableDMAVector=true
NVIC.HSEM_IRQn=true\:0\:0\:false\:false\:true\:false\:true
NVIC.HardFault_IRQn=true\:0\:0\:false\:false\:true\:false\:false
NVIC.IPCC_C1_RX_IRQn=true\:0\:0\:false\:false\:true\:true\:true
NVIC.IPCC_C1_TX_IRQn=true\:0\:0\:false\:false\:true\:true\:true
NVIC.LPTIM1_IRQn=true\:0\:0\:false\:false\:true\:true\:true
NVIC.MemoryManagement_IRQn=true\:0\:0\:false\:false\:true\:false\:false
NVIC.NonMaskableInt_IRQn=true\:0\:0\:false\:false\:true\:false\:false
NVIC.PendSV_IRQn=true\:0\:0\:false\:false\:true\:false\:false
NVIC.PriorityGroup=NVIC_PRIORITYGROUP_4
NVIC.SVCall_IRQn=true\:0\:0\:false\:false\:true\:false\:false
NVIC.SysTick_IRQn=true\:0\:0\:false\:false\:true\:false\:true
NVIC.UsageFault_IRQn=true\:0\:0\:false\:false\:true\:false\:false
OSC_IN.Mode=HSE-External-Oscillator
OSC_IN.Signal=RCC_OSC_IN
OSC_OUT.Mode=HSE-External-Oscillator
OSC_OUT.Signal=RCC_OSC_OUT
PA1.Locked=true
PA1.Signal=ADCx_IN6
PA10.GPIOParameters=GPIO_Label
PA10.GPIO_Label=LINK_LED
PA10.Locked=true
PA10.Signal=GPIO_Output
PA11.GPIOParameters=GPIO_Label
PA11.GPIO_Label=POWER_LED
PA11.Locked=true
PA11.Signal=GPIO_Output
PA4.GPIOParameters=GPIO_Label
PA4.GPIO_Label=T1
PA4.Locked=true
PA4.Signal=ADCx_IN9
PA5.GPIOParameters=GPIO_Label
PA5.GPIO_Label=T2
PA5.Locked=true
PA5.Signal=ADCx_IN10
PA6.GPIOParameters=GPIO_Label
PA6.GPIO_Label=T3
PA6.Locked=true
PA6.Signal=ADCx_IN11
PA7.GPIOParameters=GPIO_Label
PA7.GPIO_Label=T4
PA7.Locked=true
PA7.Signal=ADCx_IN12
PCC.Ble.ConnectionInterval=1000.0
PCC.Ble.DataLength=6
PCC.Ble.Mode=NOT_SELECTED
PCC.Ble.PowerLevel=Min
PinOutPanel.RotationAngle=0
ProjectManager.AskForMigrate=true
ProjectManager.BackupPrevious=false
ProjectManager.CompilerOptimize=6
ProjectManager.ComputerToolchain=false
ProjectManager.CoupleFile=false
ProjectManager.CustomerFirmwarePackage=
ProjectManager.DefaultFWLocation=true
ProjectManager.DeletePrevious=true
ProjectManager.DeviceId=STM32WB55CCUx
ProjectManager.FirmwarePackage=STM32Cube FW_WB V1.11.0
ProjectManager.FreePins=false
ProjectManager.HalAssertFull=false
ProjectManager.HeapSize=0x200
ProjectManager.KeepUserCode=true
ProjectManager.LastFirmware=false
ProjectManager.LibraryCopy=1
ProjectManager.MainLocation=Core/Src
ProjectManager.NoMain=false
ProjectManager.PreviousToolchain=STM32CubeIDE
ProjectManager.ProjectBuild=false
ProjectManager.ProjectFileName=bluetooth-temperature.ioc
ProjectManager.ProjectName=bluetooth-temperature
ProjectManager.RegisterCallBack=
ProjectManager.StackSize=0x400
ProjectManager.TargetToolchain=STM32CubeIDE
ProjectManager.ToolChainLocation=
ProjectManager.UnderRoot=true
ProjectManager.functionlistsort=1-MX_HSEM_Init-HSEM-false-HAL-true,2-MX_DMA_Init-DMA-false-HAL-true,3-SystemClock_Config-RCC-false-HAL-false,4-MX_RF_Init-RF-false-HAL-true,5-MX_RTC_Init-RTC-false-HAL-true,6-APPE_Init-STM32_WPAN-false-HAL-false,7-MX_IPCC_Init-IPCC-false-HAL-true,8-MX_ADC1_Init-ADC1-false-HAL-true,9-MX_LPTIM1_Init-LPTIM1-false-HAL-true
RCC.ADCFreq_Value=12000000
RCC.AHBFreq_Value=32000000
RCC.APB1Freq_Value=32000000
RCC.APB1TimFreq_Value=32000000
RCC.APB2Freq_Value=32000000
RCC.APB2TimFreq_Value=32000000
RCC.APB3Freq_Value=16000000
RCC.Cortex2Freq_Value=32000000
RCC.CortexFreq_Value=32000000
RCC.FCLK2Freq_Value=32000000
RCC.FCLKCortexFreq_Value=32000000
RCC.FamilyName=M
RCC.HCLK2Freq_Value=32000000
RCC.HCLK3Freq_Value=32000000
RCC.HCLKFreq_Value=32000000
RCC.HCLKRFFreq_Value=16000000
RCC.HSE_VALUE=32000000
RCC.HSI48_VALUE=48000000
RCC.HSI_VALUE=16000000
RCC.I2C1Freq_Value=32000000
RCC.I2C3Freq_Value=32000000
RCC.IPParameters=ADCFreq_Value,AHBFreq_Value,APB1Freq_Value,APB1TimFreq_Value,APB2Freq_Value,APB2TimFreq_Value,APB3Freq_Value,Cortex2Freq_Value,CortexFreq_Value,FCLK2Freq_Value,FCLKCortexFreq_Value,FamilyName,HCLK2Freq_Value,HCLK3Freq_Value,HCLKFreq_Value,HCLKRFFreq_Value,HSE_VALUE,HSI48_VALUE,HSI_VALUE,I2C1Freq_Value,I2C3Freq_Value,LCDFreq_Value,LPTIM1CLockSelection,LPTIM1Freq_Value,LPTIM2Freq_Value,LPUART1Freq_Value,LSCOPinFreq_Value,LSE_VALUE,LSI_VALUE,MCO1PinFreq_Value,PLLM,PLLN,PLLPoutputFreq_Value,PLLQoutputFreq_Value,PLLR,PLLRCLKFreq_Value,PLLSAI1N,PLLSAI1PoutputFreq_Value,PLLSAI1QoutputFreq_Value,PLLSAI1R,PLLSAI1RoutputFreq_Value,PLLSourceVirtual,PWRFreq_Value,RFWKPFreq_Value,RNGFreq_Value,RTCFreq_Value,SAI1Freq_Value,SMPS1Freq_Value,SMPSCLockSelectionVirtual,SMPSFreq_Value,SYSCLKFreq_VALUE,SYSCLKSource,USART1Freq_Value,USBFreq_Value,VCOInputFreq_Value,VCOOutputFreq_Value,VCOSAI1OutputFreq_Value
RCC.LCDFreq_Value=32000
RCC.LPTIM1CLockSelection=RCC_LPTIM1CLKSOURCE_LSI
RCC.LPTIM1Freq_Value=32000
RCC.LPTIM2Freq_Value=32000000
RCC.LPUART1Freq_Value=32000000
RCC.LSCOPinFreq_Value=32000
RCC.LSE_VALUE=32768
RCC.LSI_VALUE=32000
RCC.MCO1PinFreq_Value=32000000
RCC.PLLM=RCC_PLLM_DIV4
RCC.PLLN=16
RCC.PLLPoutputFreq_Value=64000000
RCC.PLLQoutputFreq_Value=64000000
RCC.PLLR=RCC_PLLR_DIV4
RCC.PLLRCLKFreq_Value=32000000
RCC.PLLSAI1N=12
RCC.PLLSAI1PoutputFreq_Value=48000000
RCC.PLLSAI1QoutputFreq_Value=48000000
RCC.PLLSAI1R=RCC_PLLR_DIV8
RCC.PLLSAI1RoutputFreq_Value=12000000
RCC.PLLSourceVirtual=RCC_PLLSOURCE_HSE
RCC.PWRFreq_Value=32000000
RCC.RFWKPFreq_Value=976.5625
RCC.RNGFreq_Value=32000
RCC.RTCFreq_Value=32000
RCC.SAI1Freq_Value=48000000
RCC.SMPS1Freq_Value=16000000
RCC.SMPSCLockSelectionVirtual=RCC_SMPSCLKSOURCE_HSE
RCC.SMPSFreq_Value=8000000
RCC.SYSCLKFreq_VALUE=32000000
RCC.SYSCLKSource=RCC_SYSCLKSOURCE_PLLCLK
RCC.USART1Freq_Value=32000000
RCC.USBFreq_Value=48000000
RCC.VCOInputFreq_Value=8000000
RCC.VCOOutputFreq_Value=128000000
RCC.VCOSAI1OutputFreq_Value=96000000
RF1.Locked=true
RF1.Mode=RF1_Activate
RF1.Signal=RF_RF1
SH.ADCx_IN10.0=ADC1_IN10
SH.ADCx_IN10.ConfNb=1
SH.ADCx_IN11.0=ADC1_IN11
SH.ADCx_IN11.ConfNb=1
SH.ADCx_IN12.0=ADC1_IN12
SH.ADCx_IN12.ConfNb=1
SH.ADCx_IN6.0=ADC1_IN6,IN6-Single-Ended
SH.ADCx_IN6.ConfNb=1
SH.ADCx_IN9.0=ADC1_IN9,IN9-Single-Ended
SH.ADCx_IN9.ConfNb=1
STM32_WPAN.BLE_APPLICATION_TYPE=BLE_SERVER_PROFILE
STM32_WPAN.BLE_CFG_SVC_MAX_NBR_CB=1
STM32_WPAN.BLE_STACK=FULL
STM32_WPAN.BT_SIG_BEACON=CFG_EDDYSTONE_TLM_BEACON_TYPE
STM32_WPAN.BT_SIG_HEALTH_THERMOMETER_SENSOR=Disabled
STM32_WPAN.CFG_ADV_BD_ADDRESS=0x7257acd87a6c
STM32_WPAN.CFG_BLE_LSE_SOURCE=1
STM32_WPAN.CFG_DEBUGGER_SUPPORTED=0
STM32_WPAN.CFG_LPM_SUPPORTED=1
STM32_WPAN.CFG_USE_SMPS=1
STM32_WPAN.CUSTOM_P2P_SERVER=Disabled
STM32_WPAN.CUSTOM_TEMPLATE=Disabled
STM32_WPAN.IPParameters=BLE_APPLICATION_TYPE,CUSTOM_TEMPLATE,CUSTOM_P2P_SERVER,BT_SIG_HEALTH_THERMOMETER_SENSOR,BLE_STACK,BLE_CFG_SVC_MAX_NBR_CB,CFG_USE_SMPS,CFG_LPM_SUPPORTED,CFG_DEBUGGER_SUPPORTED,CFG_ADV_BD_ADDRESS,L2CAP_REQUEST_NEW_CONN_PARAM,CFG_BLE_LSE_SOURCE,BT_SIG_BEACON,LOCAL_NAME,LOCAL_NAME_FORMATTED
STM32_WPAN.L2CAP_REQUEST_NEW_CONN_PARAM=1
STM32_WPAN.LOCAL_NAME=AWTMP04
STM32_WPAN.LOCAL_NAME_FORMATTED=,'A','W','T','M','P','0','4'
VP_HSEM_VS_HSEM.Mode=HSEM_Activate
VP_HSEM_VS_HSEM.Signal=HSEM_VS_HSEM
VP_IPCC_VS_IPCC.Mode=IPCC_Activate
VP_IPCC_VS_IPCC.Signal=IPCC_VS_IPCC
VP_LPTIM1_VS_LPTIM_counterModeInternalClock.Mode=Counts__internal_clock_event_00
VP_LPTIM1_VS_LPTIM_counterModeInternalClock.Signal=LPTIM1_VS_LPTIM_counterModeInternalClock
VP_RTC_VS_RTC_Activate.Mode=RTC_Enabled
VP_RTC_VS_RTC_Activate.Signal=RTC_VS_RTC_Activate
VP_SEQUENCER_VS_SEQUENCER.Mode=SEQUENCER_Enabled
VP_SEQUENCER_VS_SEQUENCER.Signal=SEQUENCER_VS_SEQUENCER
VP_STM32_WPAN_VS_BLE_HOST.Mode=STM32_WPAN_Enabled
VP_STM32_WPAN_VS_BLE_HOST.Signal=STM32_WPAN_VS_BLE_HOST
VP_SYS_VS_Systick.Mode=SysTick
VP_SYS_VS_Systick.Signal=SYS_VS_Systick
VP_TINY_LPM_VS_TINY_LPM.Mode=TINY_LPM_Enabled
VP_TINY_LPM_VS_TINY_LPM.Signal=TINY_LPM_VS_TINY_LPM
board=custom
