#MicroXplorer Configuration settings - do not modify
VP_RTC_VS_RTC_Activate.Signal=RTC_VS_RTC_Activate
Mcu.Family=STM32WB
RCC.PLLSourceVirtual=RCC_PLLSOURCE_HSE
ProjectManager.MainLocation=Core/Src
PCC.Ble.Mode=NOT_SELECTED
RCC.PLLQoutputFreq_Value=64000000
RCC.USART1Freq_Value=32000000
ProjectManager.ProjectFileName=bluetooth-temperature.ioc
RCC.SMPSFreq_Value=4000000
RCC.SAI1Freq_Value=64000000
RCC.CortexFreq_Value=32000000
ProjectManager.KeepUserCode=true
RF1.Locked=true
Mcu.UserName=STM32WB55CCUx
VP_STM32_WPAN_VS_BLE_HOST.Mode=STM32_WPAN_Enabled
Mcu.PinsNb=12
RF1.Signal=RF_RF1
STM32_WPAN.BLE_APPLICATION_TYPE=BLE_SERVER_PROFILE
ProjectManager.NoMain=false
RCC.RFWKPFreq_Value=976.5625
RCC.HCLK3Freq_Value=32000000
RCC.PLLSAI1RoutputFreq_Value=64000000
STM32_WPAN.CUSTOM_TEMPLATE=Disabled
ProjectManager.functionlistsort=1-MX_GPIO_Init-GPIO-false-HAL-true,2-SystemClock_Config-RCC-false-HAL-false,3-MX_RF_Init-RF-false-HAL-true,4-MX_RTC_Init-RTC-false-HAL-true,5-APPE_Init-STM32_WPAN-false-HAL-false,0-MX_HSEM_Init-HSEM-false-HAL-true
PA11.GPIOParameters=GPIO_Label
VP_RTC_VS_RTC_Activate.Mode=RTC_Enabled
RCC.RTCFreq_Value=1000000
PA11.GPIO_Label=POWER_LED
ProjectManager.DefaultFWLocation=true
VP_HSEM_VS_HSEM.Signal=HSEM_VS_HSEM
ProjectManager.DeletePrevious=true
RCC.HCLK2Freq_Value=32000000
PinOutPanel.RotationAngle=0
VP_SEQUENCER_VS_SEQUENCER.Signal=SEQUENCER_VS_SEQUENCER
RCC.FamilyName=M
RCC.SYSCLKSource=RCC_SYSCLKSOURCE_HSE
RCC.MCO1PinFreq_Value=32000000
ProjectManager.StackSize=0x400
RCC.I2C3Freq_Value=32000000
RCC.LPTIM1Freq_Value=32000000
Mcu.IP4=RTC
RCC.FCLKCortexFreq_Value=32000000
Mcu.IP5=SEQUENCER
NVIC.SVCall_IRQn=true\:0\:0\:false\:false\:true\:false\:false
Mcu.IP2=RCC
Mcu.IP3=RF
Mcu.IP0=HSEM
Mcu.IP1=NVIC
PA11.Locked=true
Mcu.UserConstants=
RCC.VCOSAI1OutputFreq_Value=128000000
ProjectManager.TargetToolchain=STM32CubeIDE
Mcu.ThirdPartyNb=0
RCC.HCLKFreq_Value=32000000
Mcu.IPNb=9
RCC.HCLKRFFreq_Value=16000000
ProjectManager.PreviousToolchain=STM32CubeIDE
RCC.APB2TimFreq_Value=32000000
PCC.Ble.PowerLevel=Min
Mcu.Pin6=VP_HSEM_VS_HSEM
STM32_WPAN.CUSTOM_P2P_SERVER=Disabled
Mcu.Pin7=VP_RTC_VS_RTC_Activate
ProjectManager.RegisterCallBack=
OSC_IN.Signal=RCC_OSC_IN
Mcu.Pin8=VP_SEQUENCER_VS_SEQUENCER
RCC.USBFreq_Value=64000000
OSC_OUT.Mode=HSE-External-Oscillator
Mcu.Pin9=VP_STM32_WPAN_VS_BLE_HOST
OSC_OUT.Signal=RCC_OSC_OUT
RCC.AHBFreq_Value=32000000
RCC.PLLSAI1PoutputFreq_Value=64000000
Mcu.Pin0=PA4
Mcu.Pin1=RF1
GPIO.groupedBy=
Mcu.Pin2=OSC_OUT
Mcu.Pin3=OSC_IN
Mcu.Pin4=PA10
Mcu.Pin5=PA11
ProjectManager.ProjectBuild=false
RCC.HSE_VALUE=32000000
NVIC.UsageFault_IRQn=true\:0\:0\:false\:false\:true\:false\:false
RCC.FCLK2Freq_Value=32000000
NVIC.DebugMonitor_IRQn=true\:0\:0\:false\:false\:true\:false\:false
board=custom
PA4.Locked=true
VP_SEQUENCER_VS_SEQUENCER.Mode=SEQUENCER_Enabled
RCC.VCOOutputFreq_Value=128000000
RCC.Cortex2Freq_Value=32000000
NVIC.SysTick_IRQn=true\:0\:0\:false\:false\:true\:false\:true
RCC.RTCClockSelection=RCC_RTCCLKSOURCE_HSE_DIV32
ProjectManager.LastFirmware=true
RCC.SMPS1Freq_Value=8000000
ProjectManager.FirmwarePackage=STM32Cube FW_WB V1.10.0
MxDb.Version=DB.6.0.10
RCC.APB2Freq_Value=32000000
ProjectManager.BackupPrevious=false
MxCube.Version=6.1.1
RCC.VCOInputFreq_Value=16000000
PCC.Ble.DataLength=6
RCC.I2C1Freq_Value=32000000
RCC.RNGFreq_Value=32000
RCC.LCDFreq_Value=1000000
RCC.PLLSAI1QoutputFreq_Value=64000000
RCC.ADCFreq_Value=64000000
File.Version=6
PA10.GPIO_Label=LINK_LED
PA10.GPIOParameters=GPIO_Label
VP_SYS_VS_Systick.Mode=SysTick
NVIC.NonMaskableInt_IRQn=true\:0\:0\:false\:false\:true\:false\:false
RCC.PLLRCLKFreq_Value=64000000
PA4.GPIOParameters=GPIO_Label
NVIC.PendSV_IRQn=true\:0\:0\:false\:false\:true\:false\:false
ProjectManager.FreePins=false
RCC.IPParameters=ADCFreq_Value,AHBFreq_Value,APB1Freq_Value,APB1TimFreq_Value,APB2Freq_Value,APB2TimFreq_Value,APB3Freq_Value,Cortex2Freq_Value,CortexFreq_Value,FCLK2Freq_Value,FCLKCortexFreq_Value,FamilyName,HCLK2Freq_Value,HCLK3Freq_Value,HCLKFreq_Value,HCLKRFFreq_Value,HSE_VALUE,HSI48_VALUE,HSI_VALUE,I2C1Freq_Value,I2C3Freq_Value,LCDFreq_Value,LPTIM1Freq_Value,LPTIM2Freq_Value,LPUART1Freq_Value,LSCOPinFreq_Value,LSI_VALUE,MCO1PinFreq_Value,PLLM,PLLPoutputFreq_Value,PLLQoutputFreq_Value,PLLRCLKFreq_Value,PLLSAI1PoutputFreq_Value,PLLSAI1QoutputFreq_Value,PLLSAI1RoutputFreq_Value,PLLSourceVirtual,PWRFreq_Value,RFWKPFreq_Value,RNGFreq_Value,RTCClockSelection,RTCFreq_Value,SAI1Freq_Value,SMPS1Freq_Value,SMPSFreq_Value,SYSCLKFreq_VALUE,SYSCLKSource,USART1Freq_Value,USBFreq_Value,VCOInputFreq_Value,VCOOutputFreq_Value,VCOSAI1OutputFreq_Value
ProjectManager.AskForMigrate=true
Mcu.Name=STM32WB55CCUx
RCC.LPTIM2Freq_Value=32000000
ProjectManager.HalAssertFull=false
ProjectManager.ProjectName=bluetooth-temperature
ProjectManager.UnderRoot=true
Mcu.IP8=TINY_LPM
RCC.APB3Freq_Value=16000000
Mcu.IP6=STM32_WPAN
Mcu.IP7=SYS
ProjectManager.CoupleFile=false
STM32_WPAN.BT_SIG_HEALTH_THERMOMETER_SENSOR=Enabled
PA4.Signal=GPIO_Input
RCC.SYSCLKFreq_VALUE=32000000
NVIC.HSEM_IRQn=true\:0\:0\:false\:false\:true\:false\:true
Mcu.Package=UFQFPN48
PA10.Locked=true
PCC.Ble.ConnectionInterval=1000.0
NVIC.ForceEnableDMAVector=true
KeepUserPlacement=false
OSC_IN.Mode=HSE-External-Oscillator
NVIC.MemoryManagement_IRQn=true\:0\:0\:false\:false\:true\:false\:false
STM32_WPAN.IPParameters=BLE_APPLICATION_TYPE,CUSTOM_TEMPLATE,CUSTOM_P2P_SERVER,BT_SIG_HEALTH_THERMOMETER_SENSOR
ProjectManager.CompilerOptimize=6
RF1.Mode=RF1_Activate
ProjectManager.ToolChainLocation=
RCC.LSI_VALUE=32000
VP_SYS_VS_Systick.Signal=SYS_VS_Systick
PA11.Signal=GPIO_Output
RCC.LSCOPinFreq_Value=32000
PA10.Signal=GPIO_Output
ProjectManager.HeapSize=0x200
NVIC.HardFault_IRQn=true\:0\:0\:false\:false\:true\:false\:false
ProjectManager.ComputerToolchain=false
RCC.HSI_VALUE=16000000
VP_STM32_WPAN_VS_BLE_HOST.Signal=STM32_WPAN_VS_BLE_HOST
VP_TINY_LPM_VS_TINY_LPM.Mode=TINY_LPM_Enabled
NVIC.PriorityGroup=NVIC_PRIORITYGROUP_4
Mcu.Pin11=VP_TINY_LPM_VS_TINY_LPM
VP_HSEM_VS_HSEM.Mode=HSEM_Activate
RCC.PLLM=RCC_PLLM_DIV2
RCC.PLLPoutputFreq_Value=64000000
Mcu.Pin10=VP_SYS_VS_Systick
RCC.APB1TimFreq_Value=32000000
NVIC.BusFault_IRQn=true\:0\:0\:false\:false\:true\:false\:false
RCC.PWRFreq_Value=32000000
RCC.LPUART1Freq_Value=32000000
VP_TINY_LPM_VS_TINY_LPM.Signal=TINY_LPM_VS_TINY_LPM
RCC.APB1Freq_Value=32000000
PA4.GPIO_Label=LOBAT
ProjectManager.CustomerFirmwarePackage=
ProjectManager.DeviceId=STM32WB55CCUx
ProjectManager.LibraryCopy=1
RCC.HSI48_VALUE=48000000
